
Microsoft Visual Studio Solution File, Format Version 12.00
# Visual Studio Version 17
VisualStudioVersion = 17.12.35527.113 d17.12
MinimumVisualStudioVersion = 10.0.40219.1
Project("{FAE04EC0-301F-11D3-BF4B-00C04F79EFBC}") = "3(12)", "3(12)\3(12).csproj", "{30E8D782-9E9D-446B-A4F5-617265C9594F}"
EndProject
Global
	GlobalSection(SolutionConfigurationPlatforms) = preSolution
		Debug|Any CPU = Debug|Any CPU
		Release|Any CPU = Release|Any CPU
	EndGlobalSection
	GlobalSection(ProjectConfigurationPlatforms) = postSolution
		{30E8D782-9E9D-446B-A4F5-617265C9594F}.Debug|Any CPU.ActiveCfg = Debug|Any CPU
		{30E8D782-9E9D-446B-A4F5-617265C9594F}.Debug|Any CPU.Build.0 = Debug|Any CPU
		{30E8D782-9E9D-446B-A4F5-617265C9594F}.Release|Any CPU.ActiveCfg = Release|Any CPU
		{30E8D782-9E9D-446B-A4F5-617265C9594F}.Release|Any CPU.Build.0 = Release|Any CPU
	EndGlobalSection
	GlobalSection(SolutionProperties) = preSolution
		HideSolutionNode = FALSE
	EndGlobalSection
EndGlobal
